name: Update Nix flake lock

on:
  schedule:
    - cron: '0 6 * * 1'
  workflow_dispatch:

concurrency:
  group: update-flake-lock
  cancel-in-progress: false

permissions:
  contents: write
  pull-requests: write
  issues: write
  id-token: write

jobs:
  update-flake-lock:
    runs-on: ubuntu-latest
    steps:
      - uses: actions/checkout@v6

      - name: Install Nix
        uses: DeterminateSystems/determinate-nix-action@v3

      - name: Update flake.lock
        uses: DeterminateSystems/update-flake-lock@v28
        with:
          path-to-flake-dir: nixos
          pr-title: 'chore(nix): update flake.lock'
          pr-labels: |
            dependencies
            nix
            automated
          commit-msg: 'chore(nix): update flake.lock'
